
Microsoft Visual Studio Solution File, Format Version 12.00
# Visual Studio Version 16
VisualStudioVersion = 16.0.31229.75
MinimumVisualStudioVersion = 10.0.40219.1
Project("{9A19103F-16F7-4668-BE54-9A1E7A4F7556}") = "ASPProjekat.EFDataAccess", "EFDataAccess\ASPProjekat.EFDataAccess.csproj", "{1D48B40D-9E6B-40C2-9BAC-2334F3933D12}"
EndProject
Project("{9A19103F-16F7-4668-BE54-9A1E7A4F7556}") = "ASPProjekat.Domain", "ASPProjekat.Domain\ASPProjekat.Domain.csproj", "{71B73EBD-DFC3-42E7-867F-3AB5C6934ABD}"
EndProject
Project("{FAE04EC0-301F-11D3-BF4B-00C04F79EFBC}") = "ASPProjekat.Application", "ASPProjekat.Application\ASPProjekat.Application.csproj", "{BFCC9C1F-06DD-480E-9520-1A67166A6191}"
EndProject
Project("{FAE04EC0-301F-11D3-BF4B-00C04F79EFBC}") = "ASPProjekat.Implementation", "ASPProjekat.Implementation\ASPProjekat.Implementation.csproj", "{63A257AA-C83D-4DA3-9686-83FFBCC1DA00}"
EndProject
Project("{FAE04EC0-301F-11D3-BF4B-00C04F79EFBC}") = "ASPProjekat.API", "ASPProjekat.API\ASPProjekat.API.csproj", "{81DAD240-A3DE-4DB3-AD5E-697F27D437E7}"
EndProject
Global
	GlobalSection(SolutionConfigurationPlatforms) = preSolution
		Debug|Any CPU = Debug|Any CPU
		Release|Any CPU = Release|Any CPU
	EndGlobalSection
	GlobalSection(ProjectConfigurationPlatforms) = postSolution
		{1D48B40D-9E6B-40C2-9BAC-2334F3933D12}.Debug|Any CPU.ActiveCfg = Debug|Any CPU
		{1D48B40D-9E6B-40C2-9BAC-2334F3933D12}.Debug|Any CPU.Build.0 = Debug|Any CPU
		{1D48B40D-9E6B-40C2-9BAC-2334F3933D12}.Release|Any CPU.ActiveCfg = Release|Any CPU
		{1D48B40D-9E6B-40C2-9BAC-2334F3933D12}.Release|Any CPU.Build.0 = Release|Any CPU
		{71B73EBD-DFC3-42E7-867F-3AB5C6934ABD}.Debug|Any CPU.ActiveCfg = Debug|Any CPU
		{71B73EBD-DFC3-42E7-867F-3AB5C6934ABD}.Debug|Any CPU.Build.0 = Debug|Any CPU
		{71B73EBD-DFC3-42E7-867F-3AB5C6934ABD}.Release|Any CPU.ActiveCfg = Release|Any CPU
		{71B73EBD-DFC3-42E7-867F-3AB5C6934ABD}.Release|Any CPU.Build.0 = Release|Any CPU
		{BFCC9C1F-06DD-480E-9520-1A67166A6191}.Debug|Any CPU.ActiveCfg = Debug|Any CPU
		{BFCC9C1F-06DD-480E-9520-1A67166A6191}.Debug|Any CPU.Build.0 = Debug|Any CPU
		{BFCC9C1F-06DD-480E-9520-1A67166A6191}.Release|Any CPU.ActiveCfg = Release|Any CPU
		{BFCC9C1F-06DD-480E-9520-1A67166A6191}.Release|Any CPU.Build.0 = Release|Any CPU
		{63A257AA-C83D-4DA3-9686-83FFBCC1DA00}.Debug|Any CPU.ActiveCfg = Debug|Any CPU
		{63A257AA-C83D-4DA3-9686-83FFBCC1DA00}.Debug|Any CPU.Build.0 = Debug|Any CPU
		{63A257AA-C83D-4DA3-9686-83FFBCC1DA00}.Release|Any CPU.ActiveCfg = Release|Any CPU
		{63A257AA-C83D-4DA3-9686-83FFBCC1DA00}.Release|Any CPU.Build.0 = Release|Any CPU
		{81DAD240-A3DE-4DB3-AD5E-697F27D437E7}.Debug|Any CPU.ActiveCfg = Debug|Any CPU
		{81DAD240-A3DE-4DB3-AD5E-697F27D437E7}.Debug|Any CPU.Build.0 = Debug|Any CPU
		{81DAD240-A3DE-4DB3-AD5E-697F27D437E7}.Release|Any CPU.ActiveCfg = Release|Any CPU
		{81DAD240-A3DE-4DB3-AD5E-697F27D437E7}.Release|Any CPU.Build.0 = Release|Any CPU
	EndGlobalSection
	GlobalSection(SolutionProperties) = preSolution
		HideSolutionNode = FALSE
	EndGlobalSection
	GlobalSection(ExtensibilityGlobals) = postSolution
		SolutionGuid = {B4A01DC4-DC15-4416-95BE-C143C3535AF4}
	EndGlobalSection
EndGlobal
